{
  "version": 4,
  "terraform_version": "1.1.5",
  "serial": 4,
  "lineage": "8ae274f3-bce6-3a22-b00b-27077cc1b5d1",
  "outputs": {
    "external_ip_address_node01_yandex_cloud": {
      "value": "84.252.130.30",
      "type": "string"
    },
    "internal_ip_address_node01_yandex_cloud": {
      "value": "192.168.101.15",
      "type": "string"
    }
  },
  "resources": [
    {
      "mode": "managed",
      "type": "yandex_compute_instance",
      "name": "node01",
      "provider": "provider[\"registry.terraform.io/yandex-cloud/yandex\"]",
      "instances": [
        {
          "schema_version": 1,
          "attributes": {
            "allow_stopping_for_update": true,
            "boot_disk": [
              {
                "auto_delete": true,
                "device_name": "fhmnm1aqjdffvf03e5b6",
                "disk_id": "fhmnm1aqjdffvf03e5b6",
                "initialize_params": [
                  {
                    "block_size": 4096,
                    "description": "",
                    "image_id": "fd8urrlhpbd71h1u2vof",
                    "name": "root-node01",
                    "size": 50,
                    "snapshot_id": "",
                    "type": "network-ssd"
                  }
                ],
                "mode": "READ_WRITE"
              }
            ],
            "created_at": "2022-02-04T13:25:54Z",
            "description": "",
            "folder_id": "b1g7jrria7f8eiqlfpba",
            "fqdn": "node01.netology.cloud",
            "hostname": "node01",
            "id": "fhmudjcp4ei5comenl3u",
            "labels": null,
            "metadata": {
              "ssh-keys": "centos:ssh-rsa AAAAB3NzaC1yc2EAAAADAQABAAABAQDK0W4b6gZ/+b5bK41MkayYtd5CDcffwj/xNwZQfIHJpoZYp5tUfUV5Dz8JZS/bbVzaHTG/60mLrROlXyZYdS7kowxr6fSCh+HIOnGr48bSB2GbpEmmMugaKt/wTgd4EZ9Kv9fP0tD4gTSQyvYRUwRoCGs4CyEc5DfSRFzzACZVcPxHgWZ7hZ+D9yYP8Uw4rMXMmdgXT9HsjLQ104G+CE9x4/UZoWagdLIcF5ywysyDV6fl2OlcE6DU2dmveFWbe7NpPx27PQTM4gbKLsj7D7OCTywxAauhlKFplzslUjesKt3HOTJFCpR7fKEws1vMRjKMIcnszhNUCUvX2HXdlF7p vagrant@vagrant\n"
            },
            "name": "node01",
            "network_acceleration_type": "standard",
            "network_interface": [
              {
                "dns_record": [],
                "index": 0,
                "ip_address": "192.168.101.15",
                "ipv4": true,
                "ipv6": false,
                "ipv6_address": "",
                "ipv6_dns_record": [],
                "mac_address": "d0:0d:1e:6c:d9:92",
                "nat": true,
                "nat_dns_record": [],
                "nat_ip_address": "84.252.130.30",
                "nat_ip_version": "IPV4",
                "security_group_ids": [],
                "subnet_id": "e9bkbul91ffgjvjoqakl"
              }
            ],
            "placement_policy": [
              {
                "placement_group_id": ""
              }
            ],
            "platform_id": "standard-v1",
            "resources": [
              {
                "core_fraction": 100,
                "cores": 8,
                "gpus": 0,
                "memory": 8
              }
            ],
            "scheduling_policy": [
              {
                "preemptible": false
              }
            ],
            "secondary_disk": [],
            "service_account_id": "",
            "status": "running",
            "timeouts": null,
            "zone": "ru-central1-a"
          },
          "sensitive_attributes": [],
          "private": "eyJlMmJmYjczMC1lY2FhLTExZTYtOGY4OC0zNDM2M2JjN2M0YzAiOnsiY3JlYXRlIjozMDAwMDAwMDAwMDAsImRlbGV0ZSI6MzAwMDAwMDAwMDAwLCJ1cGRhdGUiOjMwMDAwMDAwMDAwMH0sInNjaGVtYV92ZXJzaW9uIjoiMSJ9",
          "dependencies": [
            "yandex_vpc_network.default",
            "yandex_vpc_subnet.default"
          ]
        }
      ]
    },
    {
      "mode": "managed",
      "type": "yandex_vpc_network",
      "name": "default",
      "provider": "provider[\"registry.terraform.io/yandex-cloud/yandex\"]",
      "instances": [
        {
          "schema_version": 0,
          "attributes": {
            "created_at": "2022-02-04T13:25:51Z",
            "default_security_group_id": "",
            "description": "",
            "folder_id": "b1g7jrria7f8eiqlfpba",
            "id": "enpj5ai5u77a730lct5p",
            "labels": {},
            "name": "net",
            "subnet_ids": [],
            "timeouts": null
          },
          "sensitive_attributes": [],
          "private": "eyJlMmJmYjczMC1lY2FhLTExZTYtOGY4OC0zNDM2M2JjN2M0YzAiOnsiY3JlYXRlIjo2MDAwMDAwMDAwMCwiZGVsZXRlIjo2MDAwMDAwMDAwMCwidXBkYXRlIjo2MDAwMDAwMDAwMH19"
        }
      ]
    },
    {
      "mode": "managed",
      "type": "yandex_vpc_subnet",
      "name": "default",
      "provider": "provider[\"registry.terraform.io/yandex-cloud/yandex\"]",
      "instances": [
        {
          "schema_version": 0,
          "attributes": {
            "created_at": "2022-02-04T13:25:53Z",
            "description": "",
            "dhcp_options": [],
            "folder_id": "b1g7jrria7f8eiqlfpba",
            "id": "e9bkbul91ffgjvjoqakl",
            "labels": {},
            "name": "subnet",
            "network_id": "enpj5ai5u77a730lct5p",
            "route_table_id": "",
            "timeouts": null,
            "v4_cidr_blocks": [
              "192.168.101.0/24"
            ],
            "v6_cidr_blocks": [],
            "zone": "ru-central1-a"
          },
          "sensitive_attributes": [],
          "private": "eyJlMmJmYjczMC1lY2FhLTExZTYtOGY4OC0zNDM2M2JjN2M0YzAiOnsiY3JlYXRlIjoxODAwMDAwMDAwMDAsImRlbGV0ZSI6MTgwMDAwMDAwMDAwLCJ1cGRhdGUiOjE4MDAwMDAwMDAwMH19",
          "dependencies": [
            "yandex_vpc_network.default"
          ]
        }
      ]
    }
  ]
}
